
Microsoft Visual Studio Solution File, Format Version 12.00
Project("{2150E333-8FDC-42A3-9474-1A3956D46DE8}") = "src", "src", "{827E0CD3-B72D-47B6-A68D-7590B98EB39B}"
EndProject
Project("{FAE04EC0-301F-11D3-BF4B-00C04F79EFBC}") = "MoMA_thias.web", "src\MoMA_thias.web\MoMA_thias.web.csproj", "{CDDAC1CC-97CF-4CFC-9A4F-58A3C6ADB567}"
EndProject
Project("{2150E333-8FDC-42A3-9474-1A3956D46DE8}") = "test", "test", "{0C88DD14-F956-CE84-757C-A364CCF449FC}"
EndProject
Project("{FAE04EC0-301F-11D3-BF4B-00C04F79EFBC}") = "MoMA_thias.UnitTests", "test\MoMA_thias.UnitTests\MoMA_thias.UnitTests.csproj", "{B9D61675-3F32-4B22-9281-17019812F64B}"
EndProject
Global
	GlobalSection(SolutionConfigurationPlatforms) = preSolution
		Debug|Any CPU = Debug|Any CPU
		Debug|x64 = Debug|x64
		Debug|x86 = Debug|x86
		Release|Any CPU = Release|Any CPU
		Release|x64 = Release|x64
		Release|x86 = Release|x86
	EndGlobalSection
	GlobalSection(ProjectConfigurationPlatforms) = postSolution
		{CDDAC1CC-97CF-4CFC-9A4F-58A3C6ADB567}.Debug|Any CPU.ActiveCfg = Debug|Any CPU
		{CDDAC1CC-97CF-4CFC-9A4F-58A3C6ADB567}.Debug|Any CPU.Build.0 = Debug|Any CPU
		{CDDAC1CC-97CF-4CFC-9A4F-58A3C6ADB567}.Debug|x64.ActiveCfg = Debug|Any CPU
		{CDDAC1CC-97CF-4CFC-9A4F-58A3C6ADB567}.Debug|x64.Build.0 = Debug|Any CPU
		{CDDAC1CC-97CF-4CFC-9A4F-58A3C6ADB567}.Debug|x86.ActiveCfg = Debug|Any CPU
		{CDDAC1CC-97CF-4CFC-9A4F-58A3C6ADB567}.Debug|x86.Build.0 = Debug|Any CPU
		{CDDAC1CC-97CF-4CFC-9A4F-58A3C6ADB567}.Release|Any CPU.ActiveCfg = Release|Any CPU
		{CDDAC1CC-97CF-4CFC-9A4F-58A3C6ADB567}.Release|Any CPU.Build.0 = Release|Any CPU
		{CDDAC1CC-97CF-4CFC-9A4F-58A3C6ADB567}.Release|x64.ActiveCfg = Release|Any CPU
		{CDDAC1CC-97CF-4CFC-9A4F-58A3C6ADB567}.Release|x64.Build.0 = Release|Any CPU
		{CDDAC1CC-97CF-4CFC-9A4F-58A3C6ADB567}.Release|x86.ActiveCfg = Release|Any CPU
		{CDDAC1CC-97CF-4CFC-9A4F-58A3C6ADB567}.Release|x86.Build.0 = Release|Any CPU
		{B9D61675-3F32-4B22-9281-17019812F64B}.Debug|Any CPU.ActiveCfg = Debug|Any CPU
		{B9D61675-3F32-4B22-9281-17019812F64B}.Debug|Any CPU.Build.0 = Debug|Any CPU
		{B9D61675-3F32-4B22-9281-17019812F64B}.Debug|x64.ActiveCfg = Debug|Any CPU
		{B9D61675-3F32-4B22-9281-17019812F64B}.Debug|x64.Build.0 = Debug|Any CPU
		{B9D61675-3F32-4B22-9281-17019812F64B}.Debug|x86.ActiveCfg = Debug|Any CPU
		{B9D61675-3F32-4B22-9281-17019812F64B}.Debug|x86.Build.0 = Debug|Any CPU
		{B9D61675-3F32-4B22-9281-17019812F64B}.Release|Any CPU.ActiveCfg = Release|Any CPU
		{B9D61675-3F32-4B22-9281-17019812F64B}.Release|Any CPU.Build.0 = Release|Any CPU
		{B9D61675-3F32-4B22-9281-17019812F64B}.Release|x64.ActiveCfg = Release|Any CPU
		{B9D61675-3F32-4B22-9281-17019812F64B}.Release|x64.Build.0 = Release|Any CPU
		{B9D61675-3F32-4B22-9281-17019812F64B}.Release|x86.ActiveCfg = Release|Any CPU
		{B9D61675-3F32-4B22-9281-17019812F64B}.Release|x86.Build.0 = Release|Any CPU
	EndGlobalSection
	GlobalSection(SolutionProperties) = preSolution
		HideSolutionNode = FALSE
	EndGlobalSection
	GlobalSection(NestedProjects) = preSolution
		{CDDAC1CC-97CF-4CFC-9A4F-58A3C6ADB567} = {827E0CD3-B72D-47B6-A68D-7590B98EB39B}
		{B9D61675-3F32-4B22-9281-17019812F64B} = {0C88DD14-F956-CE84-757C-A364CCF449FC}
	EndGlobalSection
EndGlobal
